
Microsoft Visual Studio Solution File, Format Version 12.00
# Visual Studio Version 17
VisualStudioVersion = 17.3.32901.215
MinimumVisualStudioVersion = 10.0.40219.1
Project("{FAE04EC0-301F-11D3-BF4B-00C04F79EFBC}") = "question9evaluation", "question9evaluation\question9evaluation.csproj", "{4D9F643A-16C3-4DD9-9F12-614E0D70EDD6}"
EndProject
Global
	GlobalSection(SolutionConfigurationPlatforms) = preSolution
		Debug|Any CPU = Debug|Any CPU
		Release|Any CPU = Release|Any CPU
	EndGlobalSection
	GlobalSection(ProjectConfigurationPlatforms) = postSolution
		{4D9F643A-16C3-4DD9-9F12-614E0D70EDD6}.Debug|Any CPU.ActiveCfg = Debug|Any CPU
		{4D9F643A-16C3-4DD9-9F12-614E0D70EDD6}.Debug|Any CPU.Build.0 = Debug|Any CPU
		{4D9F643A-16C3-4DD9-9F12-614E0D70EDD6}.Release|Any CPU.ActiveCfg = Release|Any CPU
		{4D9F643A-16C3-4DD9-9F12-614E0D70EDD6}.Release|Any CPU.Build.0 = Release|Any CPU
	EndGlobalSection
	GlobalSection(SolutionProperties) = preSolution
		HideSolutionNode = FALSE
	EndGlobalSection
	GlobalSection(ExtensibilityGlobals) = postSolution
		SolutionGuid = {B610B572-9B5F-4111-AB6A-785E843BD625}
	EndGlobalSection
EndGlobal
