
Microsoft Visual Studio Solution File, Format Version 12.00
# Visual Studio Version 17
VisualStudioVersion = 17.3.32901.215
MinimumVisualStudioVersion = 10.0.40219.1
Project("{FAE04EC0-301F-11D3-BF4B-00C04F79EFBC}") = "interfaceevaluation", "interfaceevaluation\interfaceevaluation.csproj", "{EDB0B97C-B617-4C11-B8FF-09199B28EA4B}"
EndProject
Global
	GlobalSection(SolutionConfigurationPlatforms) = preSolution
		Debug|Any CPU = Debug|Any CPU
		Release|Any CPU = Release|Any CPU
	EndGlobalSection
	GlobalSection(ProjectConfigurationPlatforms) = postSolution
		{EDB0B97C-B617-4C11-B8FF-09199B28EA4B}.Debug|Any CPU.ActiveCfg = Debug|Any CPU
		{EDB0B97C-B617-4C11-B8FF-09199B28EA4B}.Debug|Any CPU.Build.0 = Debug|Any CPU
		{EDB0B97C-B617-4C11-B8FF-09199B28EA4B}.Release|Any CPU.ActiveCfg = Release|Any CPU
		{EDB0B97C-B617-4C11-B8FF-09199B28EA4B}.Release|Any CPU.Build.0 = Release|Any CPU
	EndGlobalSection
	GlobalSection(SolutionProperties) = preSolution
		HideSolutionNode = FALSE
	EndGlobalSection
	GlobalSection(ExtensibilityGlobals) = postSolution
		SolutionGuid = {48D18CA4-C98F-495D-B702-51B937B0CDA1}
	EndGlobalSection
EndGlobal
