
Microsoft Visual Studio Solution File, Format Version 12.00
# Visual Studio Version 17
VisualStudioVersion = 17.3.32901.215
MinimumVisualStudioVersion = 10.0.40219.1
Project("{FAE04EC0-301F-11D3-BF4B-00C04F79EFBC}") = "question10", "question10\question10.csproj", "{048AD05F-3AFB-43C8-A33C-E0328B9FA803}"
EndProject
Global
	GlobalSection(SolutionConfigurationPlatforms) = preSolution
		Debug|Any CPU = Debug|Any CPU
		Release|Any CPU = Release|Any CPU
	EndGlobalSection
	GlobalSection(ProjectConfigurationPlatforms) = postSolution
		{048AD05F-3AFB-43C8-A33C-E0328B9FA803}.Debug|Any CPU.ActiveCfg = Debug|Any CPU
		{048AD05F-3AFB-43C8-A33C-E0328B9FA803}.Debug|Any CPU.Build.0 = Debug|Any CPU
		{048AD05F-3AFB-43C8-A33C-E0328B9FA803}.Release|Any CPU.ActiveCfg = Release|Any CPU
		{048AD05F-3AFB-43C8-A33C-E0328B9FA803}.Release|Any CPU.Build.0 = Release|Any CPU
	EndGlobalSection
	GlobalSection(SolutionProperties) = preSolution
		HideSolutionNode = FALSE
	EndGlobalSection
	GlobalSection(ExtensibilityGlobals) = postSolution
		SolutionGuid = {0AE3334C-50F5-4C90-B033-EFB52485CC23}
	EndGlobalSection
EndGlobal
